Microsoft Visual Studio Solution File, Format Version 12.00
# Visual Studio Version 17
VisualStudioVersion = 17.5.2.0
MinimumVisualStudioVersion = 10.0.40219.1
Project("{FAE04EC0-301F-11D3-BF4B-00C04F79EFBC}") = "CalcLibrary", "CalcLibrary\CalcLibrary.csproj", "{F22565C4-4ACD-8860-8B8B-9516435F91C7}"
EndProject
Global
	GlobalSection(SolutionConfigurationPlatforms) = preSolution
		Debug|Any CPU = Debug|Any CPU
		Release|Any CPU = Release|Any CPU
	EndGlobalSection
	GlobalSection(ProjectConfigurationPlatforms) = postSolution
		{F22565C4-4ACD-8860-8B8B-9516435F91C7}.Debug|Any CPU.ActiveCfg = Debug|Any CPU
		{F22565C4-4ACD-8860-8B8B-9516435F91C7}.Debug|Any CPU.Build.0 = Debug|Any CPU
		{F22565C4-4ACD-8860-8B8B-9516435F91C7}.Release|Any CPU.ActiveCfg = Release|Any CPU
		{F22565C4-4ACD-8860-8B8B-9516435F91C7}.Release|Any CPU.Build.0 = Release|Any CPU
	EndGlobalSection
	GlobalSection(SolutionProperties) = preSolution
		HideSolutionNode = FALSE
	EndGlobalSection
	GlobalSection(ExtensibilityGlobals) = postSolution
		SolutionGuid = {0E8FFDDD-1228-4F94-8172-94F0A59CAA98}
	EndGlobalSection
EndGlobal
