Microsoft Visual Studio Solution File, Format Version 12.00
# Visual Studio Version 17
VisualStudioVersion = 17.5.2.0
MinimumVisualStudioVersion = 10.0.40219.1
Project("{FAE04EC0-301F-11D3-BF4B-00C04F79EFBC}") = "MoqMailSenderTest", "MoqMailSenderTest.csproj", "{D4EE45C4-D85F-7AD7-3AE5-729A766F5947}"
EndProject
Global
	GlobalSection(SolutionConfigurationPlatforms) = preSolution
		Debug|Any CPU = Debug|Any CPU
		Release|Any CPU = Release|Any CPU
	EndGlobalSection
	GlobalSection(ProjectConfigurationPlatforms) = postSolution
		{D4EE45C4-D85F-7AD7-3AE5-729A766F5947}.Debug|Any CPU.ActiveCfg = Debug|Any CPU
		{D4EE45C4-D85F-7AD7-3AE5-729A766F5947}.Debug|Any CPU.Build.0 = Debug|Any CPU
		{D4EE45C4-D85F-7AD7-3AE5-729A766F5947}.Release|Any CPU.ActiveCfg = Release|Any CPU
		{D4EE45C4-D85F-7AD7-3AE5-729A766F5947}.Release|Any CPU.Build.0 = Release|Any CPU
	EndGlobalSection
	GlobalSection(SolutionProperties) = preSolution
		HideSolutionNode = FALSE
	EndGlobalSection
	GlobalSection(ExtensibilityGlobals) = postSolution
		SolutionGuid = {919C1328-5E4F-4B47-8EE9-8D8EB4819B30}
	EndGlobalSection
EndGlobal
